
Microsoft Visual Studio Solution File, Format Version 12.00
# Visual Studio Version 17
VisualStudioVersion = 17.0.32112.339
MinimumVisualStudioVersion = 10.0.40219.1
Project("{F184B08F-C81C-45F6-A57F-5ABD9991F28F}") = "201801223_tarea 4", "201801223_tarea 4.vbproj", "{92E06723-F37C-4852-81E7-15B1BE29A3D9}"
EndProject
Global
	GlobalSection(SolutionConfigurationPlatforms) = preSolution
		Debug|Any CPU = Debug|Any CPU
		Release|Any CPU = Release|Any CPU
	EndGlobalSection
	GlobalSection(ProjectConfigurationPlatforms) = postSolution
		{92E06723-F37C-4852-81E7-15B1BE29A3D9}.Debug|Any CPU.ActiveCfg = Debug|Any CPU
		{92E06723-F37C-4852-81E7-15B1BE29A3D9}.Debug|Any CPU.Build.0 = Debug|Any CPU
		{92E06723-F37C-4852-81E7-15B1BE29A3D9}.Release|Any CPU.ActiveCfg = Release|Any CPU
		{92E06723-F37C-4852-81E7-15B1BE29A3D9}.Release|Any CPU.Build.0 = Release|Any CPU
	EndGlobalSection
	GlobalSection(SolutionProperties) = preSolution
		HideSolutionNode = FALSE
	EndGlobalSection
	GlobalSection(ExtensibilityGlobals) = postSolution
		SolutionGuid = {8191B7AB-619D-47AF-99EE-8F7C0063BA74}
	EndGlobalSection
EndGlobal
